Microsoft Visual Studio Solution File, Format Version 12.00
# Visual Studio Version 16
VisualStudioVersion = 16.0.34601.136
MinimumVisualStudioVersion = 10.0.40219.1
Project("{FAE04EC0-301F-11D3-BF4B-00C04F79EFBC}") = "xyLOGIX.Data.Paginators", "xyLOGIX.Data.Paginators\xyLOGIX.Data.Paginators.csproj", "{919790E2-EC4C-4B37-B375-B8FA02C89991}"
EndProject
Project("{FAE04EC0-301F-11D3-BF4B-00C04F79EFBC}") = "xyLOGIX.Data.Paginators.Events", "xyLOGIX.Data.Paginators.Events\xyLOGIX.Data.Paginators.Events.csproj", "{1571453C-BB35-4B06-A66C-EAF328DFB325}"
EndProject
Project("{FAE04EC0-301F-11D3-BF4B-00C04F79EFBC}") = "xyLOGIX.Data.Paginators.Interfaces", "xyLOGIX.Data.Paginators.Interfaces\xyLOGIX.Data.Paginators.Interfaces.csproj", "{D74EC18F-0A99-425E-94CF-9E38976CB7F7}"
EndProject
Project("{FAE04EC0-301F-11D3-BF4B-00C04F79EFBC}") = "xyLOGIX.Data.Paginators.Tests", "xyLOGIX.Data.Paginators.Tests\xyLOGIX.Data.Paginators.Tests.csproj", "{61C9C22D-A1BD-4DEF-99C0-CC707EBD816A}"
EndProject
Project("{FAE04EC0-301F-11D3-BF4B-00C04F79EFBC}") = "xyLOGIX.Data.Paginators.Tests.Common", "xyLOGIX.Data.Paginators.Tests.Common\xyLOGIX.Data.Paginators.Tests.Common.csproj", "{AB364A46-0D89-452A-9A79-20208D0BC1C2}"
EndProject
Project("{FAE04EC0-301F-11D3-BF4B-00C04F79EFBC}") = "xyLOGIX.Data.Paginators.Factories", "xyLOGIX.Data.Paginators.Factories\xyLOGIX.Data.Paginators.Factories.csproj", "{F69BCD9D-67CD-4F4F-9F26-AE9C86DCB6B9}"
EndProject
Project("{FAE04EC0-301F-11D3-BF4B-00C04F79EFBC}") = "xyLOGIX.Data.Paginators.Constants", "xyLOGIX.Data.Paginators.Constants\xyLOGIX.Data.Paginators.Constants.csproj", "{A753BB9E-F746-455F-B383-51F713325357}"
EndProject
Project("{FAE04EC0-301F-11D3-BF4B-00C04F79EFBC}") = "xyLOGIX.Data.Paginators.Models", "xyLOGIX.Data.Paginators.Models\xyLOGIX.Data.Paginators.Models.csproj", "{F2B953C1-0977-4802-AE2E-C500EB530793}"
EndProject
Project("{FAE04EC0-301F-11D3-BF4B-00C04F79EFBC}") = "xyLOGIX.Core.Debug", "..\xyLOGIX.Core.Debug.VS2019\xyLOGIX.Core.Debug\xyLOGIX.Core.Debug.csproj", "{C445C052-26B6-4884-9A7B-25DC7ABC0DED}"
EndProject
Project("{2150E333-8FDC-42A3-9474-1A3956D46DE8}") = "Solution Items", "Solution Items", "{1EE58FF8-4247-4D54-A527-688E21B121AF}"
	ProjectSection(SolutionItems) = preProject
		xyLOGIX.Data.Paginators.pssln = xyLOGIX.Data.Paginators.pssln
	EndProjectSection
EndProject
Global
	GlobalSection(SolutionConfigurationPlatforms) = preSolution
		Debug|x64 = Debug|x64
		Debug|x86 = Debug|x86
		Release|x64 = Release|x64
		Release|x86 = Release|x86
	EndGlobalSection
	GlobalSection(ProjectConfigurationPlatforms) = postSolution
		{919790E2-EC4C-4B37-B375-B8FA02C89991}.Debug|x64.ActiveCfg = Debug|x64
		{919790E2-EC4C-4B37-B375-B8FA02C89991}.Debug|x64.Build.0 = Debug|x64
		{919790E2-EC4C-4B37-B375-B8FA02C89991}.Debug|x86.ActiveCfg = Debug|x86
		{919790E2-EC4C-4B37-B375-B8FA02C89991}.Debug|x86.Build.0 = Debug|x86
		{919790E2-EC4C-4B37-B375-B8FA02C89991}.Release|x64.ActiveCfg = Release|x64
		{919790E2-EC4C-4B37-B375-B8FA02C89991}.Release|x64.Build.0 = Release|x64
		{919790E2-EC4C-4B37-B375-B8FA02C89991}.Release|x86.ActiveCfg = Release|x86
		{919790E2-EC4C-4B37-B375-B8FA02C89991}.Release|x86.Build.0 = Release|x86
		{1571453C-BB35-4B06-A66C-EAF328DFB325}.Debug|x64.ActiveCfg = Debug|x64
		{1571453C-BB35-4B06-A66C-EAF328DFB325}.Debug|x64.Build.0 = Debug|x64
		{1571453C-BB35-4B06-A66C-EAF328DFB325}.Debug|x86.ActiveCfg = Debug|x86
		{1571453C-BB35-4B06-A66C-EAF328DFB325}.Debug|x86.Build.0 = Debug|x86
		{1571453C-BB35-4B06-A66C-EAF328DFB325}.Release|x64.ActiveCfg = Release|x64
		{1571453C-BB35-4B06-A66C-EAF328DFB325}.Release|x64.Build.0 = Release|x64
		{1571453C-BB35-4B06-A66C-EAF328DFB325}.Release|x86.ActiveCfg = Release|x86
		{1571453C-BB35-4B06-A66C-EAF328DFB325}.Release|x86.Build.0 = Release|x86
		{D74EC18F-0A99-425E-94CF-9E38976CB7F7}.Debug|x64.ActiveCfg = Debug|x64
		{D74EC18F-0A99-425E-94CF-9E38976CB7F7}.Debug|x64.Build.0 = Debug|x64
		{D74EC18F-0A99-425E-94CF-9E38976CB7F7}.Debug|x86.ActiveCfg = Debug|x86
		{D74EC18F-0A99-425E-94CF-9E38976CB7F7}.Debug|x86.Build.0 = Debug|x86
		{D74EC18F-0A99-425E-94CF-9E38976CB7F7}.Release|x64.ActiveCfg = Release|x64
		{D74EC18F-0A99-425E-94CF-9E38976CB7F7}.Release|x64.Build.0 = Release|x64
		{D74EC18F-0A99-425E-94CF-9E38976CB7F7}.Release|x86.ActiveCfg = Release|x86
		{D74EC18F-0A99-425E-94CF-9E38976CB7F7}.Release|x86.Build.0 = Release|x86
		{61C9C22D-A1BD-4DEF-99C0-CC707EBD816A}.Debug|x64.ActiveCfg = Debug|x64
		{61C9C22D-A1BD-4DEF-99C0-CC707EBD816A}.Debug|x64.Build.0 = Debug|x64
		{61C9C22D-A1BD-4DEF-99C0-CC707EBD816A}.Debug|x86.ActiveCfg = Debug|x86
		{61C9C22D-A1BD-4DEF-99C0-CC707EBD816A}.Debug|x86.Build.0 = Debug|x86
		{61C9C22D-A1BD-4DEF-99C0-CC707EBD816A}.Release|x64.ActiveCfg = Release|x64
		{61C9C22D-A1BD-4DEF-99C0-CC707EBD816A}.Release|x64.Build.0 = Release|x64
		{61C9C22D-A1BD-4DEF-99C0-CC707EBD816A}.Release|x86.ActiveCfg = Release|x86
		{61C9C22D-A1BD-4DEF-99C0-CC707EBD816A}.Release|x86.Build.0 = Release|x86
		{AB364A46-0D89-452A-9A79-20208D0BC1C2}.Debug|x64.ActiveCfg = Debug|x64
		{AB364A46-0D89-452A-9A79-20208D0BC1C2}.Debug|x64.Build.0 = Debug|x64
		{AB364A46-0D89-452A-9A79-20208D0BC1C2}.Debug|x86.ActiveCfg = Debug|x86
		{AB364A46-0D89-452A-9A79-20208D0BC1C2}.Debug|x86.Build.0 = Debug|x86
		{AB364A46-0D89-452A-9A79-20208D0BC1C2}.Release|x64.ActiveCfg = Release|x64
		{AB364A46-0D89-452A-9A79-20208D0BC1C2}.Release|x64.Build.0 = Release|x64
		{AB364A46-0D89-452A-9A79-20208D0BC1C2}.Release|x86.ActiveCfg = Release|x86
		{AB364A46-0D89-452A-9A79-20208D0BC1C2}.Release|x86.Build.0 = Release|x86
		{F69BCD9D-67CD-4F4F-9F26-AE9C86DCB6B9}.Debug|x64.ActiveCfg = Debug|x64
		{F69BCD9D-67CD-4F4F-9F26-AE9C86DCB6B9}.Debug|x64.Build.0 = Debug|x64
		{F69BCD9D-67CD-4F4F-9F26-AE9C86DCB6B9}.Debug|x86.ActiveCfg = Debug|x86
		{F69BCD9D-67CD-4F4F-9F26-AE9C86DCB6B9}.Debug|x86.Build.0 = Debug|x86
		{F69BCD9D-67CD-4F4F-9F26-AE9C86DCB6B9}.Release|x64.ActiveCfg = Release|x64
		{F69BCD9D-67CD-4F4F-9F26-AE9C86DCB6B9}.Release|x64.Build.0 = Release|x64
		{F69BCD9D-67CD-4F4F-9F26-AE9C86DCB6B9}.Release|x86.ActiveCfg = Release|x86
		{F69BCD9D-67CD-4F4F-9F26-AE9C86DCB6B9}.Release|x86.Build.0 = Release|x86
		{A753BB9E-F746-455F-B383-51F713325357}.Debug|x64.ActiveCfg = Debug|x64
		{A753BB9E-F746-455F-B383-51F713325357}.Debug|x64.Build.0 = Debug|x64
		{A753BB9E-F746-455F-B383-51F713325357}.Debug|x86.ActiveCfg = Debug|x86
		{A753BB9E-F746-455F-B383-51F713325357}.Debug|x86.Build.0 = Debug|x86
		{A753BB9E-F746-455F-B383-51F713325357}.Release|x64.ActiveCfg = Release|x64
		{A753BB9E-F746-455F-B383-51F713325357}.Release|x64.Build.0 = Release|x64
		{A753BB9E-F746-455F-B383-51F713325357}.Release|x86.ActiveCfg = Release|x86
		{A753BB9E-F746-455F-B383-51F713325357}.Release|x86.Build.0 = Release|x86
		{F2B953C1-0977-4802-AE2E-C500EB530793}.Debug|x64.ActiveCfg = Debug|x64
		{F2B953C1-0977-4802-AE2E-C500EB530793}.Debug|x64.Build.0 = Debug|x64
		{F2B953C1-0977-4802-AE2E-C500EB530793}.Debug|x86.ActiveCfg = Debug|x86
		{F2B953C1-0977-4802-AE2E-C500EB530793}.Debug|x86.Build.0 = Debug|x86
		{F2B953C1-0977-4802-AE2E-C500EB530793}.Release|x64.ActiveCfg = Release|x64
		{F2B953C1-0977-4802-AE2E-C500EB530793}.Release|x64.Build.0 = Release|x64
		{F2B953C1-0977-4802-AE2E-C500EB530793}.Release|x86.ActiveCfg = Release|x86
		{F2B953C1-0977-4802-AE2E-C500EB530793}.Release|x86.Build.0 = Release|x86
		{C445C052-26B6-4884-9A7B-25DC7ABC0DED}.Debug|x64.ActiveCfg = Debug|x64
		{C445C052-26B6-4884-9A7B-25DC7ABC0DED}.Debug|x64.Build.0 = Debug|x64
		{C445C052-26B6-4884-9A7B-25DC7ABC0DED}.Debug|x86.ActiveCfg = Debug|x86
		{C445C052-26B6-4884-9A7B-25DC7ABC0DED}.Debug|x86.Build.0 = Debug|x86
		{C445C052-26B6-4884-9A7B-25DC7ABC0DED}.Release|x64.ActiveCfg = Release|x64
		{C445C052-26B6-4884-9A7B-25DC7ABC0DED}.Release|x64.Build.0 = Release|x64
		{C445C052-26B6-4884-9A7B-25DC7ABC0DED}.Release|x86.ActiveCfg = Release|x86
		{C445C052-26B6-4884-9A7B-25DC7ABC0DED}.Release|x86.Build.0 = Release|x86
	EndGlobalSection
	GlobalSection(SolutionProperties) = preSolution
		HideSolutionNode = FALSE
	EndGlobalSection
	GlobalSection(ExtensibilityGlobals) = postSolution
		SolutionGuid = {DFDC1796-31FD-4C61-AD94-98865591F0A6}
	EndGlobalSection
EndGlobal
